
Microsoft Visual Studio Solution File, Format Version 12.00
# Visual Studio Version 17
VisualStudioVersion = 17.4.33205.214
MinimumVisualStudioVersion = 10.0.40219.1
Project("{FAE04EC0-301F-11D3-BF4B-00C04F79EFBC}") = "BasicDemo-Server", "BasicDemo-Server\BasicDemo-Server.csproj", "{4A879750-2539-491C-8240-86EE4DF32111}"
EndProject
Project("{FAE04EC0-301F-11D3-BF4B-00C04F79EFBC}") = "BasicDemo-Client", "BasicDemo-Client\BasicDemo-Client.csproj", "{BE3761E4-8B11-49F3-9C2C-DFBF7AA251D7}"
EndProject
Project("{FAE04EC0-301F-11D3-BF4B-00C04F79EFBC}") = "Common", "Common\Common.csproj", "{8D4EEABC-E418-4AA7-A98F-907D18779CAF}"
EndProject
Project("{FAE04EC0-301F-11D3-BF4B-00C04F79EFBC}") = "WNFGetStateNameInfo", "WNFGetStateNameInfo\WNFGetStateNameInfo.csproj", "{FA393C7B-6A40-40A8-A34F-2B5C627B1284}"
EndProject
Project("{FAE04EC0-301F-11D3-BF4B-00C04F79EFBC}") = "BasicDemo-Consumer", "BasicDemo-Consumer\BasicDemo-Consumer.csproj", "{EDCDE36A-F760-47B3-A6F9-48D87BA75B60}"
EndProject
Project("{FAE04EC0-301F-11D3-BF4B-00C04F79EFBC}") = "BasicDemo-CreateTemporaryName", "BasicDemo-CreateTemporaryName\BasicDemo-CreateTemporaryName.csproj", "{F11EE63E-1F72-4AA2-A6FF-045A4B1055B3}"
EndProject
Project("{FAE04EC0-301F-11D3-BF4B-00C04F79EFBC}") = "BasicDemo-CallbackParser", "BasicDemo-StructParser\BasicDemo-CallbackParser.csproj", "{2F3230FB-489F-43B7-A651-82606D54EAE6}"
EndProject
Project("{FAE04EC0-301F-11D3-BF4B-00C04F79EFBC}") = "BasicDemo-Injection", "BasicDemo-Injection\BasicDemo-Injection.csproj", "{F03BB216-7D84-4CF3-A092-B8034B614670}"
EndProject
Project("{FAE04EC0-301F-11D3-BF4B-00C04F79EFBC}") = "WNFuckInjection", "WNFuck\WNFuckInjection.csproj", "{2348F25C-BB3D-484E-8809-763A0EDEAE94}"
EndProject
Project("{FAE04EC0-301F-11D3-BF4B-00C04F79EFBC}") = "BasicDemo-GetProcessStateNamesInfo", "BasicDemo-GetProcessStateNamesInfo\BasicDemo-GetProcessStateNamesInfo.csproj", "{108A4394-B138-4D48-AB0A-2DFF1068F91B}"
EndProject
Project("{FAE04EC0-301F-11D3-BF4B-00C04F79EFBC}") = "WNFDataPersistor", "WNFDataPersistor\WNFDataPersistor.csproj", "{52A4858E-C775-44C6-B313-239187E26BA1}"
EndProject
Project("{FAE04EC0-301F-11D3-BF4B-00C04F79EFBC}") = "MicrophoneDemo", "MicrophoneDemo\MicrophoneDemo.csproj", "{639B3E7F-65C7-4F18-A6A1-CCA2B86D3AF7}"
EndProject
Global
	GlobalSection(SolutionConfigurationPlatforms) = preSolution
		Debug|Any CPU = Debug|Any CPU
		Release|Any CPU = Release|Any CPU
	EndGlobalSection
	GlobalSection(ProjectConfigurationPlatforms) = postSolution
		{4A879750-2539-491C-8240-86EE4DF32111}.Debug|Any CPU.ActiveCfg = Debug|Any CPU
		{4A879750-2539-491C-8240-86EE4DF32111}.Debug|Any CPU.Build.0 = Debug|Any CPU
		{4A879750-2539-491C-8240-86EE4DF32111}.Release|Any CPU.ActiveCfg = Release|Any CPU
		{4A879750-2539-491C-8240-86EE4DF32111}.Release|Any CPU.Build.0 = Release|Any CPU
		{BE3761E4-8B11-49F3-9C2C-DFBF7AA251D7}.Debug|Any CPU.ActiveCfg = Debug|Any CPU
		{BE3761E4-8B11-49F3-9C2C-DFBF7AA251D7}.Debug|Any CPU.Build.0 = Debug|Any CPU
		{BE3761E4-8B11-49F3-9C2C-DFBF7AA251D7}.Release|Any CPU.ActiveCfg = Release|Any CPU
		{BE3761E4-8B11-49F3-9C2C-DFBF7AA251D7}.Release|Any CPU.Build.0 = Release|Any CPU
		{8D4EEABC-E418-4AA7-A98F-907D18779CAF}.Debug|Any CPU.ActiveCfg = Debug|Any CPU
		{8D4EEABC-E418-4AA7-A98F-907D18779CAF}.Debug|Any CPU.Build.0 = Debug|Any CPU
		{8D4EEABC-E418-4AA7-A98F-907D18779CAF}.Release|Any CPU.ActiveCfg = Release|Any CPU
		{8D4EEABC-E418-4AA7-A98F-907D18779CAF}.Release|Any CPU.Build.0 = Release|Any CPU
		{FA393C7B-6A40-40A8-A34F-2B5C627B1284}.Debug|Any CPU.ActiveCfg = Debug|Any CPU
		{FA393C7B-6A40-40A8-A34F-2B5C627B1284}.Debug|Any CPU.Build.0 = Debug|Any CPU
		{FA393C7B-6A40-40A8-A34F-2B5C627B1284}.Release|Any CPU.ActiveCfg = Release|Any CPU
		{FA393C7B-6A40-40A8-A34F-2B5C627B1284}.Release|Any CPU.Build.0 = Release|Any CPU
		{EDCDE36A-F760-47B3-A6F9-48D87BA75B60}.Debug|Any CPU.ActiveCfg = Debug|Any CPU
		{EDCDE36A-F760-47B3-A6F9-48D87BA75B60}.Debug|Any CPU.Build.0 = Debug|Any CPU
		{EDCDE36A-F760-47B3-A6F9-48D87BA75B60}.Release|Any CPU.ActiveCfg = Release|Any CPU
		{EDCDE36A-F760-47B3-A6F9-48D87BA75B60}.Release|Any CPU.Build.0 = Release|Any CPU
		{F11EE63E-1F72-4AA2-A6FF-045A4B1055B3}.Debug|Any CPU.ActiveCfg = Debug|Any CPU
		{F11EE63E-1F72-4AA2-A6FF-045A4B1055B3}.Debug|Any CPU.Build.0 = Debug|Any CPU
		{F11EE63E-1F72-4AA2-A6FF-045A4B1055B3}.Release|Any CPU.ActiveCfg = Release|Any CPU
		{F11EE63E-1F72-4AA2-A6FF-045A4B1055B3}.Release|Any CPU.Build.0 = Release|Any CPU
		{2F3230FB-489F-43B7-A651-82606D54EAE6}.Debug|Any CPU.ActiveCfg = Debug|Any CPU
		{2F3230FB-489F-43B7-A651-82606D54EAE6}.Debug|Any CPU.Build.0 = Debug|Any CPU
		{2F3230FB-489F-43B7-A651-82606D54EAE6}.Release|Any CPU.ActiveCfg = Release|Any CPU
		{2F3230FB-489F-43B7-A651-82606D54EAE6}.Release|Any CPU.Build.0 = Release|Any CPU
		{F03BB216-7D84-4CF3-A092-B8034B614670}.Debug|Any CPU.ActiveCfg = Debug|Any CPU
		{F03BB216-7D84-4CF3-A092-B8034B614670}.Debug|Any CPU.Build.0 = Debug|Any CPU
		{F03BB216-7D84-4CF3-A092-B8034B614670}.Release|Any CPU.ActiveCfg = Release|Any CPU
		{F03BB216-7D84-4CF3-A092-B8034B614670}.Release|Any CPU.Build.0 = Release|Any CPU
		{2348F25C-BB3D-484E-8809-763A0EDEAE94}.Debug|Any CPU.ActiveCfg = Debug|Any CPU
		{2348F25C-BB3D-484E-8809-763A0EDEAE94}.Debug|Any CPU.Build.0 = Debug|Any CPU
		{2348F25C-BB3D-484E-8809-763A0EDEAE94}.Release|Any CPU.ActiveCfg = Release|Any CPU
		{2348F25C-BB3D-484E-8809-763A0EDEAE94}.Release|Any CPU.Build.0 = Release|Any CPU
		{108A4394-B138-4D48-AB0A-2DFF1068F91B}.Debug|Any CPU.ActiveCfg = Debug|Any CPU
		{108A4394-B138-4D48-AB0A-2DFF1068F91B}.Debug|Any CPU.Build.0 = Debug|Any CPU
		{108A4394-B138-4D48-AB0A-2DFF1068F91B}.Release|Any CPU.ActiveCfg = Release|Any CPU
		{108A4394-B138-4D48-AB0A-2DFF1068F91B}.Release|Any CPU.Build.0 = Release|Any CPU
		{52A4858E-C775-44C6-B313-239187E26BA1}.Debug|Any CPU.ActiveCfg = Debug|Any CPU
		{52A4858E-C775-44C6-B313-239187E26BA1}.Debug|Any CPU.Build.0 = Debug|Any CPU
		{52A4858E-C775-44C6-B313-239187E26BA1}.Release|Any CPU.ActiveCfg = Release|Any CPU
		{52A4858E-C775-44C6-B313-239187E26BA1}.Release|Any CPU.Build.0 = Release|Any CPU
		{639B3E7F-65C7-4F18-A6A1-CCA2B86D3AF7}.Debug|Any CPU.ActiveCfg = Debug|Any CPU
		{639B3E7F-65C7-4F18-A6A1-CCA2B86D3AF7}.Debug|Any CPU.Build.0 = Debug|Any CPU
		{639B3E7F-65C7-4F18-A6A1-CCA2B86D3AF7}.Release|Any CPU.ActiveCfg = Release|Any CPU
		{639B3E7F-65C7-4F18-A6A1-CCA2B86D3AF7}.Release|Any CPU.Build.0 = Release|Any CPU
	EndGlobalSection
	GlobalSection(SolutionProperties) = preSolution
		HideSolutionNode = FALSE
	EndGlobalSection
	GlobalSection(ExtensibilityGlobals) = postSolution
		SolutionGuid = {4A9B73DC-16A8-4D33-BEA1-E5A94CA6DEC7}
	EndGlobalSection
EndGlobal
